# generated by rye
# use `rye lock` or `rye sync` to update this lockfile
#
# last locked with the following flags:
#   pre: false
#   features: []
#   all-features: false
#   with-sources: false
#   generate-hashes: false

-e file:.
blinker==1.8.2
    # via flask
    # via py-dock
click==8.1.7
    # via flask
    # via py-dock
colorama==0.4.6
    # via py-dock
flask==3.0.3
    # via py-dock
itsdangerous==2.2.0
    # via flask
    # via py-dock
jinja2==3.1.4
    # via flask
    # via py-dock
markupsafe==2.1.5
    # via jinja2
    # via py-dock
    # via werkzeug
werkzeug==3.0.3
    # via flask
    # via py-dock
